{
  "requires": true,
  "lockfileVersion": 1,
  "dependencies": {
    "@types/requirejs": {
      "version": "2.1.31",
      "resolved": "https://registry.npmjs.org/@types/requirejs/-/requirejs-2.1.31.tgz",
      "integrity": "sha512-b2soeyuU76rMbcRJ4e0hEl0tbMhFwZeTC0VZnfuWlfGlk6BwWNsev6kFu/twKABPX29wkX84wU2o+cEJoXsiTw=="
    }
  }
}
